// !$*UTF8*$!
{
	archiveVersion = 1;
	classes = {
	};
	objectVersion = 56;
	objects = {

/* Begin PBXBuildFile section */
		FF18C61F2A39014200DE474F /* AppDelegate.swift in Sources */ = {isa = PBXBuildFile; fileRef = FF18C61E2A39014200DE474F /* AppDelegate.swift */; };
		FF18C6212A39014200DE474F /* SceneDelegate.swift in Sources */ = {isa = PBXBuildFile; fileRef = FF18C6202A39014200DE474F /* SceneDelegate.swift */; };
		FF18C6232A39014200DE474F /* PhotosViewController.swift in Sources */ = {isa = PBXBuildFile; fileRef = FF18C6222A39014200DE474F /* PhotosViewController.swift */; };
		FF18C6282A39014300DE474F /* Assets.xcassets in Resources */ = {isa = PBXBuildFile; fileRef = FF18C6272A39014300DE474F /* Assets.xcassets */; };
		FF18C62B2A39014300DE474F /* LaunchScreen.storyboard in Resources */ = {isa = PBXBuildFile; fileRef = FF18C6292A39014300DE474F /* LaunchScreen.storyboard */; };
		FFEDF31C2A3904D100CBC57C /* BaseViewProtocol.swift in Sources */ = {isa = PBXBuildFile; fileRef = FFEDF31B2A3904D100CBC57C /* BaseViewProtocol.swift */; };
		FFEDF31E2A390BC400CBC57C /* NetworkService.swift in Sources */ = {isa = PBXBuildFile; fileRef = FFEDF31D2A390BC400CBC57C /* NetworkService.swift */; };
		FFEDF3212A3917E400CBC57C /* UnsplashPhoto.swift in Sources */ = {isa = PBXBuildFile; fileRef = FFEDF3202A3917E400CBC57C /* UnsplashPhoto.swift */; };
		FFEDF3232A391B7700CBC57C /* UnsplashUser.swift in Sources */ = {isa = PBXBuildFile; fileRef = FFEDF3222A391B7700CBC57C /* UnsplashUser.swift */; };
		FFEDF3262A391FA000CBC57C /* Resources.swift in Sources */ = {isa = PBXBuildFile; fileRef = FFEDF3252A391FA000CBC57C /* Resources.swift */; };
		FFEDF32B2A392BBB00CBC57C /* PhotosCell.swift in Sources */ = {isa = PBXBuildFile; fileRef = FFEDF32A2A392BBB00CBC57C /* PhotosCell.swift */; };
		FFEDF32D2A39B11300CBC57C /* AppBuilder.swift in Sources */ = {isa = PBXBuildFile; fileRef = FFEDF32C2A39B11300CBC57C /* AppBuilder.swift */; };
/* End PBXBuildFile section */

/* Begin PBXFileReference section */
		FF18C61B2A39014200DE474F /* White&FluffyTestTask.app */ = {isa = PBXFileReference; explicitFileType = wrapper.application; includeInIndex = 0; path = "White&FluffyTestTask.app"; sourceTree = BUILT_PRODUCTS_DIR; };
		FF18C61E2A39014200DE474F /* AppDelegate.swift */ = {isa = PBXFileReference; lastKnownFileType = sourcecode.swift; path = AppDelegate.swift; sourceTree = "<group>"; };
		FF18C6202A39014200DE474F /* SceneDelegate.swift */ = {isa = PBXFileReference; lastKnownFileType = sourcecode.swift; path = SceneDelegate.swift; sourceTree = "<group>"; };
		FF18C6222A39014200DE474F /* PhotosViewController.swift */ = {isa = PBXFileReference; lastKnownFileType = sourcecode.swift; path = PhotosViewController.swift; sourceTree = "<group>"; };
		FF18C6272A39014300DE474F /* Assets.xcassets */ = {isa = PBXFileReference; lastKnownFileType = folder.assetcatalog; path = Assets.xcassets; sourceTree = "<group>"; };
		FF18C62A2A39014300DE474F /* Base */ = {isa = PBXFileReference; lastKnownFileType = file.storyboard; name = Base; path = Base.lproj/LaunchScreen.storyboard; sourceTree = "<group>"; };
		FF18C62C2A39014300DE474F /* Info.plist */ = {isa = PBXFileReference; lastKnownFileType = text.plist.xml; path = Info.plist; sourceTree = "<group>"; };
		FFEDF31B2A3904D100CBC57C /* BaseViewProtocol.swift */ = {isa = PBXFileReference; lastKnownFileType = sourcecode.swift; path = BaseViewProtocol.swift; sourceTree = "<group>"; };
		FFEDF31D2A390BC400CBC57C /* NetworkService.swift */ = {isa = PBXFileReference; lastKnownFileType = sourcecode.swift; path = NetworkService.swift; sourceTree = "<group>"; };
		FFEDF3202A3917E400CBC57C /* UnsplashPhoto.swift */ = {isa = PBXFileReference; lastKnownFileType = sourcecode.swift; path = UnsplashPhoto.swift; sourceTree = "<group>"; };
		FFEDF3222A391B7700CBC57C /* UnsplashUser.swift */ = {isa = PBXFileReference; lastKnownFileType = sourcecode.swift; path = UnsplashUser.swift; sourceTree = "<group>"; };
		FFEDF3252A391FA000CBC57C /* Resources.swift */ = {isa = PBXFileReference; lastKnownFileType = sourcecode.swift; path = Resources.swift; sourceTree = "<group>"; };
		FFEDF32A2A392BBB00CBC57C /* PhotosCell.swift */ = {isa = PBXFileReference; fileEncoding = 4; lastKnownFileType = sourcecode.swift; path = PhotosCell.swift; sourceTree = "<group>"; };
		FFEDF32C2A39B11300CBC57C /* AppBuilder.swift */ = {isa = PBXFileReference; lastKnownFileType = sourcecode.swift; path = AppBuilder.swift; sourceTree = "<group>"; };
/* End PBXFileReference section */

/* Begin PBXFrameworksBuildPhase section */
		FF18C6182A39014200DE474F /* Frameworks */ = {
			isa = PBXFrameworksBuildPhase;
			buildActionMask = 2147483647;
			files = (
			);
			runOnlyForDeploymentPostprocessing = 0;
		};
/* End PBXFrameworksBuildPhase section */

/* Begin PBXGroup section */
		FF18C6122A39014200DE474F = {
			isa = PBXGroup;
			children = (
				FF18C61D2A39014200DE474F /* White&FluffyTestTask */,
				FF18C61C2A39014200DE474F /* Products */,
			);
			sourceTree = "<group>";
		};
		FF18C61C2A39014200DE474F /* Products */ = {
			isa = PBXGroup;
			children = (
				FF18C61B2A39014200DE474F /* White&FluffyTestTask.app */,
			);
			name = Products;
			sourceTree = "<group>";
		};
		FF18C61D2A39014200DE474F /* White&FluffyTestTask */ = {
			isa = PBXGroup;
			children = (
				FF18C61E2A39014200DE474F /* AppDelegate.swift */,
				FF18C6202A39014200DE474F /* SceneDelegate.swift */,
				FFEDF32C2A39B11300CBC57C /* AppBuilder.swift */,
				FFEDF31F2A3917C200CBC57C /* NetworkLayer */,
				FFEDF3182A39027400CBC57C /* PhotosModule */,
				FFEDF3242A391F4700CBC57C /* Helpers */,
				FFEDF31A2A3902E500CBC57C /* SupportingFiles */,
			);
			path = "White&FluffyTestTask";
			sourceTree = "<group>";
		};
		FFEDF3182A39027400CBC57C /* PhotosModule */ = {
			isa = PBXGroup;
			children = (
				FF18C6222A39014200DE474F /* PhotosViewController.swift */,
				FFEDF3292A392B9D00CBC57C /* Cells */,
			);
			path = PhotosModule;
			sourceTree = "<group>";
		};
		FFEDF3192A3902AC00CBC57C /* Model */ = {
			isa = PBXGroup;
			children = (
				FFEDF3202A3917E400CBC57C /* UnsplashPhoto.swift */,
				FFEDF3222A391B7700CBC57C /* UnsplashUser.swift */,
			);
			path = Model;
			sourceTree = "<group>";
		};
		FFEDF31A2A3902E500CBC57C /* SupportingFiles */ = {
			isa = PBXGroup;
			children = (
				FF18C6272A39014300DE474F /* Assets.xcassets */,
				FF18C6292A39014300DE474F /* LaunchScreen.storyboard */,
				FF18C62C2A39014300DE474F /* Info.plist */,
			);
			path = SupportingFiles;
			sourceTree = "<group>";
		};
		FFEDF31F2A3917C200CBC57C /* NetworkLayer */ = {
			isa = PBXGroup;
			children = (
				FFEDF31D2A390BC400CBC57C /* NetworkService.swift */,
				FFEDF3192A3902AC00CBC57C /* Model */,
			);
			path = NetworkLayer;
			sourceTree = "<group>";
		};
		FFEDF3242A391F4700CBC57C /* Helpers */ = {
			isa = PBXGroup;
			children = (
				FFEDF31B2A3904D100CBC57C /* BaseViewProtocol.swift */,
				FFEDF3252A391FA000CBC57C /* Resources.swift */,
			);
			path = Helpers;
			sourceTree = "<group>";
		};
		FFEDF3292A392B9D00CBC57C /* Cells */ = {
			isa = PBXGroup;
			children = (
				FFEDF32A2A392BBB00CBC57C /* PhotosCell.swift */,
			);
			path = Cells;
			sourceTree = "<group>";
		};
/* End PBXGroup section */

/* Begin PBXNativeTarget section */
		FF18C61A2A39014200DE474F /* White&FluffyTestTask */ = {
			isa = PBXNativeTarget;
			buildConfigurationList = FF18C62F2A39014300DE474F /* Build configuration list for PBXNativeTarget "White&FluffyTestTask" */;
			buildPhases = (
				FF18C6172A39014200DE474F /* Sources */,
				FF18C6182A39014200DE474F /* Frameworks */,
				FF18C6192A39014200DE474F /* Resources */,
			);
			buildRules = (
			);
			dependencies = (
			);
			name = "White&FluffyTestTask";
			productName = "White&FluffyTestTask";
			productReference = FF18C61B2A39014200DE474F /* White&FluffyTestTask.app */;
			productType = "com.apple.product-type.application";
		};
/* End PBXNativeTarget section */

/* Begin PBXProject section */
		FF18C6132A39014200DE474F /* Project object */ = {
			isa = PBXProject;
			attributes = {
				BuildIndependentTargetsInParallel = 1;
				LastSwiftUpdateCheck = 1430;
				LastUpgradeCheck = 1430;
				TargetAttributes = {
					FF18C61A2A39014200DE474F = {
						CreatedOnToolsVersion = 14.3;
					};
				};
			};
			buildConfigurationList = FF18C6162A39014200DE474F /* Build configuration list for PBXProject "White&FluffyTestTask" */;
			compatibilityVersion = "Xcode 14.0";
			developmentRegion = en;
			hasScannedForEncodings = 0;
			knownRegions = (
				en,
				Base,
			);
			mainGroup = FF18C6122A39014200DE474F;
			productRefGroup = FF18C61C2A39014200DE474F /* Products */;
			projectDirPath = "";
			projectRoot = "";
			targets = (
				FF18C61A2A39014200DE474F /* White&FluffyTestTask */,
			);
		};
/* End PBXProject section */

/* Begin PBXResourcesBuildPhase section */
		FF18C6192A39014200DE474F /* Resources */ = {
			isa = PBXResourcesBuildPhase;
			buildActionMask = 2147483647;
			files = (
				FF18C62B2A39014300DE474F /* LaunchScreen.storyboard in Resources */,
				FF18C6282A39014300DE474F /* Assets.xcassets in Resources */,
			);
			runOnlyForDeploymentPostprocessing = 0;
		};
/* End PBXResourcesBuildPhase section */

/* Begin PBXSourcesBuildPhase section */
		FF18C6172A39014200DE474F /* Sources */ = {
			isa = PBXSourcesBuildPhase;
			buildActionMask = 2147483647;
			files = (
				FFEDF31E2A390BC400CBC57C /* NetworkService.swift in Sources */,
				FF18C6232A39014200DE474F /* PhotosViewController.swift in Sources */,
				FFEDF3232A391B7700CBC57C /* UnsplashUser.swift in Sources */,
				FFEDF32D2A39B11300CBC57C /* AppBuilder.swift in Sources */,
				FFEDF31C2A3904D100CBC57C /* BaseViewProtocol.swift in Sources */,
				FF18C61F2A39014200DE474F /* AppDelegate.swift in Sources */,
				FFEDF3262A391FA000CBC57C /* Resources.swift in Sources */,
				FFEDF3212A3917E400CBC57C /* UnsplashPhoto.swift in Sources */,
				FFEDF32B2A392BBB00CBC57C /* PhotosCell.swift in Sources */,
				FF18C6212A39014200DE474F /* SceneDelegate.swift in Sources */,
			);
			runOnlyForDeploymentPostprocessing = 0;
		};
/* End PBXSourcesBuildPhase section */

/* Begin PBXVariantGroup section */
		FF18C6292A39014300DE474F /* LaunchScreen.storyboard */ = {
			isa = PBXVariantGroup;
			children = (
				FF18C62A2A39014300DE474F /* Base */,
			);
			name = LaunchScreen.storyboard;
			sourceTree = "<group>";
		};
/* End PBXVariantGroup section */

/* Begin XCBuildConfiguration section */
		FF18C62D2A39014300DE474F /* Debug */ = {
			isa = XCBuildConfiguration;
			buildSettings = {
				ALWAYS_SEARCH_USER_PATHS = NO;
				CLANG_ANALYZER_NONNULL = YES;
				CLANG_ANALYZER_NUMBER_OBJECT_CONVERSION = YES_AGGRESSIVE;
				CLANG_CXX_LANGUAGE_STANDARD = "gnu++20";
				CLANG_ENABLE_MODULES = YES;
				CLANG_ENABLE_OBJC_ARC = YES;
				CLANG_ENABLE_OBJC_WEAK = YES;
				CLANG_WARN_BLOCK_CAPTURE_AUTORELEASING = YES;
				CLANG_WARN_BOOL_CONVERSION = YES;
				CLANG_WARN_COMMA = YES;
				CLANG_WARN_CONSTANT_CONVERSION = YES;
				CLANG_WARN_DEPRECATED_OBJC_IMPLEMENTATIONS = YES;
				CLANG_WARN_DIRECT_OBJC_ISA_USAGE = YES_ERROR;
				CLANG_WARN_DOCUMENTATION_COMMENTS = YES;
				CLANG_WARN_EMPTY_BODY = YES;
				CLANG_WARN_ENUM_CONVERSION = YES;
				CLANG_WARN_INFINITE_RECURSION = YES;
				CLANG_WARN_INT_CONVERSION = YES;
				CLANG_WARN_NON_LITERAL_NULL_CONVERSION = YES;
				CLANG_WARN_OBJC_IMPLICIT_RETAIN_SELF = YES;
				CLANG_WARN_OBJC_LITERAL_CONVERSION = YES;
				CLANG_WARN_OBJC_ROOT_CLASS = YES_ERROR;
				CLANG_WARN_QUOTED_INCLUDE_IN_FRAMEWORK_HEADER = YES;
				CLANG_WARN_RANGE_LOOP_ANALYSIS = YES;
				CLANG_WARN_STRICT_PROTOTYPES = YES;
				CLANG_WARN_SUSPICIOUS_MOVE = YES;
				CLANG_WARN_UNGUARDED_AVAILABILITY = YES_AGGRESSIVE;
				CLANG_WARN_UNREACHABLE_CODE = YES;
				CLANG_WARN__DUPLICATE_METHOD_MATCH = YES;
				COPY_PHASE_STRIP = NO;
				DEBUG_INFORMATION_FORMAT = dwarf;
				ENABLE_STRICT_OBJC_MSGSEND = YES;
				ENABLE_TESTABILITY = YES;
				GCC_C_LANGUAGE_STANDARD = gnu11;
				GCC_DYNAMIC_NO_PIC = NO;
				GCC_NO_COMMON_BLOCKS = YES;
				GCC_OPTIMIZATION_LEVEL = 0;
				GCC_PREPROCESSOR_DEFINITIONS = (
					"DEBUG=1",
					"$(inherited)",
				);
				GCC_WARN_64_TO_32_BIT_CONVERSION = YES;
				GCC_WARN_ABOUT_RETURN_TYPE = YES_ERROR;
				GCC_WARN_UNDECLARED_SELECTOR = YES;
				GCC_WARN_UNINITIALIZED_AUTOS = YES_AGGRESSIVE;
				GCC_WARN_UNUSED_FUNCTION = YES;
				GCC_WARN_UNUSED_VARIABLE = YES;
				IPHONEOS_DEPLOYMENT_TARGET = 16.4;
				MTL_ENABLE_DEBUG_INFO = INCLUDE_SOURCE;
				MTL_FAST_MATH = YES;
				ONLY_ACTIVE_ARCH = YES;
				SDKROOT = iphoneos;
				SWIFT_ACTIVE_COMPILATION_CONDITIONS = DEBUG;
				SWIFT_OPTIMIZATION_LEVEL = "-Onone";
			};
			name = Debug;
		};
		FF18C62E2A39014300DE474F /* Release */ = {
			isa = XCBuildConfiguration;
			buildSettings = {
				ALWAYS_SEARCH_USER_PATHS = NO;
				CLANG_ANALYZER_NONNULL = YES;
				CLANG_ANALYZER_NUMBER_OBJECT_CONVERSION = YES_AGGRESSIVE;
				CLANG_CXX_LANGUAGE_STANDARD = "gnu++20";
				CLANG_ENABLE_MODULES = YES;
				CLANG_ENABLE_OBJC_ARC = YES;
				CLANG_ENABLE_OBJC_WEAK = YES;
				CLANG_WARN_BLOCK_CAPTURE_AUTORELEASING = YES;
				CLANG_WARN_BOOL_CONVERSION = YES;
				CLANG_WARN_COMMA = YES;
				CLANG_WARN_CONSTANT_CONVERSION = YES;
				CLANG_WARN_DEPRECATED_OBJC_IMPLEMENTATIONS = YES;
				CLANG_WARN_DIRECT_OBJC_ISA_USAGE = YES_ERROR;
				CLANG_WARN_DOCUMENTATION_COMMENTS = YES;
				CLANG_WARN_EMPTY_BODY = YES;
				CLANG_WARN_ENUM_CONVERSION = YES;
				CLANG_WARN_INFINITE_RECURSION = YES;
				CLANG_WARN_INT_CONVERSION = YES;
				CLANG_WARN_NON_LITERAL_NULL_CONVERSION = YES;
				CLANG_WARN_OBJC_IMPLICIT_RETAIN_SELF = YES;
				CLANG_WARN_OBJC_LITERAL_CONVERSION = YES;
				CLANG_WARN_OBJC_ROOT_CLASS = YES_ERROR;
				CLANG_WARN_QUOTED_INCLUDE_IN_FRAMEWORK_HEADER = YES;
				CLANG_WARN_RANGE_LOOP_ANALYSIS = YES;
				CLANG_WARN_STRICT_PROTOTYPES = YES;
				CLANG_WARN_SUSPICIOUS_MOVE = YES;
				CLANG_WARN_UNGUARDED_AVAILABILITY = YES_AGGRESSIVE;
				CLANG_WARN_UNREACHABLE_CODE = YES;
				CLANG_WARN__DUPLICATE_METHOD_MATCH = YES;
				COPY_PHASE_STRIP = NO;
				DEBUG_INFORMATION_FORMAT = "dwarf-with-dsym";
				ENABLE_NS_ASSERTIONS = NO;
				ENABLE_STRICT_OBJC_MSGSEND = YES;
				GCC_C_LANGUAGE_STANDARD = gnu11;
				GCC_NO_COMMON_BLOCKS = YES;
				GCC_WARN_64_TO_32_BIT_CONVERSION = YES;
				GCC_WARN_ABOUT_RETURN_TYPE = YES_ERROR;
				GCC_WARN_UNDECLARED_SELECTOR = YES;
				GCC_WARN_UNINITIALIZED_AUTOS = YES_AGGRESSIVE;
				GCC_WARN_UNUSED_FUNCTION = YES;
				GCC_WARN_UNUSED_VARIABLE = YES;
				IPHONEOS_DEPLOYMENT_TARGET = 16.4;
				MTL_ENABLE_DEBUG_INFO = NO;
				MTL_FAST_MATH = YES;
				SDKROOT = iphoneos;
				SWIFT_COMPILATION_MODE = wholemodule;
				SWIFT_OPTIMIZATION_LEVEL = "-O";
				VALIDATE_PRODUCT = YES;
			};
			name = Release;
		};
		FF18C6302A39014300DE474F /* Debug */ = {
			isa = XCBuildConfiguration;
			buildSettings = {
				ASSETCATALOG_COMPILER_APPICON_NAME = AppIcon;
				ASSETCATALOG_COMPILER_GLOBAL_ACCENT_COLOR_NAME = AccentColor;
				CODE_SIGN_STYLE = Automatic;
				CURRENT_PROJECT_VERSION = 1;
				DEVELOPMENT_TEAM = T574RGJCUB;
				GENERATE_INFOPLIST_FILE = YES;
				INFOPLIST_FILE = "White&FluffyTestTask/SupportingFiles/Info.plist";
				INFOPLIST_KEY_UIApplicationSupportsIndirectInputEvents = YES;
				INFOPLIST_KEY_UILaunchStoryboardName = LaunchScreen;
				INFOPLIST_KEY_UIMainStoryboardFile = "";
				INFOPLIST_KEY_UISupportedInterfaceOrientations_iPad = "UIInterfaceOrientationPortrait UIInterfaceOrientationPortraitUpsideDown UIInterfaceOrientationLandscapeLeft UIInterfaceOrientationLandscapeRight";
				INFOPLIST_KEY_UISupportedInterfaceOrientations_iPhone = "UIInterfaceOrientationPortrait UIInterfaceOrientationLandscapeLeft UIInterfaceOrientationLandscapeRight";
				LD_RUNPATH_SEARCH_PATHS = (
					"$(inherited)",
					"@executable_path/Frameworks",
				);
				MARKETING_VERSION = 1.0;
				PRODUCT_BUNDLE_IDENTIFIER = "organisation.com.White-FluffyTestTask";
				PRODUCT_NAME = "$(TARGET_NAME)";
				SWIFT_EMIT_LOC_STRINGS = YES;
				SWIFT_VERSION = 5.0;
				TARGETED_DEVICE_FAMILY = "1,2";
			};
			name = Debug;
		};
		FF18C6312A39014300DE474F /* Release */ = {
			isa = XCBuildConfiguration;
			buildSettings = {
				ASSETCATALOG_COMPILER_APPICON_NAME = AppIcon;
				ASSETCATALOG_COMPILER_GLOBAL_ACCENT_COLOR_NAME = AccentColor;
				CODE_SIGN_STYLE = Automatic;
				CURRENT_PROJECT_VERSION = 1;
				DEVELOPMENT_TEAM = T574RGJCUB;
				GENERATE_INFOPLIST_FILE = YES;
				INFOPLIST_FILE = "White&FluffyTestTask/SupportingFiles/Info.plist";
				INFOPLIST_KEY_UIApplicationSupportsIndirectInputEvents = YES;
				INFOPLIST_KEY_UILaunchStoryboardName = LaunchScreen;
				INFOPLIST_KEY_UIMainStoryboardFile = "";
				INFOPLIST_KEY_UISupportedInterfaceOrientations_iPad = "UIInterfaceOrientationPortrait UIInterfaceOrientationPortraitUpsideDown UIInterfaceOrientationLandscapeLeft UIInterfaceOrientationLandscapeRight";
				INFOPLIST_KEY_UISupportedInterfaceOrientations_iPhone = "UIInterfaceOrientationPortrait UIInterfaceOrientationLandscapeLeft UIInterfaceOrientationLandscapeRight";
				LD_RUNPATH_SEARCH_PATHS = (
					"$(inherited)",
					"@executable_path/Frameworks",
				);
				MARKETING_VERSION = 1.0;
				PRODUCT_BUNDLE_IDENTIFIER = "organisation.com.White-FluffyTestTask";
				PRODUCT_NAME = "$(TARGET_NAME)";
				SWIFT_EMIT_LOC_STRINGS = YES;
				SWIFT_VERSION = 5.0;
				TARGETED_DEVICE_FAMILY = "1,2";
			};
			name = Release;
		};
/* End XCBuildConfiguration section */

/* Begin XCConfigurationList section */
		FF18C6162A39014200DE474F /* Build configuration list for PBXProject "White&FluffyTestTask" */ = {
			isa = XCConfigurationList;
			buildConfigurations = (
				FF18C62D2A39014300DE474F /* Debug */,
				FF18C62E2A39014300DE474F /* Release */,
			);
			defaultConfigurationIsVisible = 0;
			defaultConfigurationName = Release;
		};
		FF18C62F2A39014300DE474F /* Build configuration list for PBXNativeTarget "White&FluffyTestTask" */ = {
			isa = XCConfigurationList;
			buildConfigurations = (
				FF18C6302A39014300DE474F /* Debug */,
				FF18C6312A39014300DE474F /* Release */,
			);
			defaultConfigurationIsVisible = 0;
			defaultConfigurationName = Release;
		};
/* End XCConfigurationList section */
	};
	rootObject = FF18C6132A39014200DE474F /* Project object */;
}
